
Microsoft Visual Studio Solution File, Format Version 12.00
# Visual Studio Version 17
VisualStudioVersion = 17.10.35004.147
MinimumVisualStudioVersion = 10.0.40219.1
Project("{FAE04EC0-301F-11D3-BF4B-00C04F79EFBC}") = "ConwaysGameLifeAPI", "ConwaysGameLifeAPI\ConwaysGameLifeAPI.csproj", "{0B756B65-5C2B-4045-BC5E-D56297BC5A37}"
EndProject
Global
	GlobalSection(SolutionConfigurationPlatforms) = preSolution
		Debug|Any CPU = Debug|Any CPU
		Release|Any CPU = Release|Any CPU
	EndGlobalSection
	GlobalSection(ProjectConfigurationPlatforms) = postSolution
		{0B756B65-5C2B-4045-BC5E-D56297BC5A37}.Debug|Any CPU.ActiveCfg = Debug|Any CPU
		{0B756B65-5C2B-4045-BC5E-D56297BC5A37}.Debug|Any CPU.Build.0 = Debug|Any CPU
		{0B756B65-5C2B-4045-BC5E-D56297BC5A37}.Release|Any CPU.ActiveCfg = Release|Any CPU
		{0B756B65-5C2B-4045-BC5E-D56297BC5A37}.Release|Any CPU.Build.0 = Release|Any CPU
	EndGlobalSection
	GlobalSection(SolutionProperties) = preSolution
		HideSolutionNode = FALSE
	EndGlobalSection
	GlobalSection(ExtensibilityGlobals) = postSolution
		SolutionGuid = {58AB8851-88DB-4B9E-B9B7-E1FBF07C9435}
	EndGlobalSection
EndGlobal
